
Microsoft Visual Studio Solution File, Format Version 12.00
Project("{FAE04EC0-301F-11D3-BF4B-00C04F79EFBC}") = "BTT4", "BTT4\BTT4.csproj", "{CC259F51-667C-4BBB-92EF-CAEB7D2FCBCB}"
EndProject
Project("{FAE04EC0-301F-11D3-BF4B-00C04F79EFBC}") = "Cau1", "Cau1\Cau1.csproj", "{2D93458A-DED1-489B-9516-B2BB84223EE9}"
EndProject
Global
	GlobalSection(SolutionConfigurationPlatforms) = preSolution
		Debug|Any CPU = Debug|Any CPU
		Release|Any CPU = Release|Any CPU
	EndGlobalSection
	GlobalSection(ProjectConfigurationPlatforms) = postSolution
		{CC259F51-667C-4BBB-92EF-CAEB7D2FCBCB}.Debug|Any CPU.ActiveCfg = Debug|Any CPU
		{CC259F51-667C-4BBB-92EF-CAEB7D2FCBCB}.Debug|Any CPU.Build.0 = Debug|Any CPU
		{CC259F51-667C-4BBB-92EF-CAEB7D2FCBCB}.Release|Any CPU.ActiveCfg = Release|Any CPU
		{CC259F51-667C-4BBB-92EF-CAEB7D2FCBCB}.Release|Any CPU.Build.0 = Release|Any CPU
		{2D93458A-DED1-489B-9516-B2BB84223EE9}.Debug|Any CPU.ActiveCfg = Debug|Any CPU
		{2D93458A-DED1-489B-9516-B2BB84223EE9}.Debug|Any CPU.Build.0 = Debug|Any CPU
		{2D93458A-DED1-489B-9516-B2BB84223EE9}.Release|Any CPU.ActiveCfg = Release|Any CPU
		{2D93458A-DED1-489B-9516-B2BB84223EE9}.Release|Any CPU.Build.0 = Release|Any CPU
	EndGlobalSection
EndGlobal
