
Microsoft Visual Studio Solution File, Format Version 12.00
Project("{FAE04EC0-301F-11D3-BF4B-00C04F79EFBC}") = "BT2_A", "BT2_A\BT2_A.csproj", "{EFC501AD-9C6E-43D8-B13B-61EC72C2D1A5}"
EndProject
Project("{FAE04EC0-301F-11D3-BF4B-00C04F79EFBC}") = "BT2_B", "BT2_B\BT2_B.csproj", "{15326DCA-AE94-4E6E-A0C8-7FB33D6E0646}"
EndProject
Project("{FAE04EC0-301F-11D3-BF4B-00C04F79EFBC}") = "BT2_C", "BT2_C\BT2_C.csproj", "{C5842368-9922-4136-9835-65F0A1E5C6E5}"
EndProject
Global
	GlobalSection(SolutionConfigurationPlatforms) = preSolution
		Debug|Any CPU = Debug|Any CPU
		Release|Any CPU = Release|Any CPU
	EndGlobalSection
	GlobalSection(ProjectConfigurationPlatforms) = postSolution
		{EFC501AD-9C6E-43D8-B13B-61EC72C2D1A5}.Debug|Any CPU.ActiveCfg = Debug|Any CPU
		{EFC501AD-9C6E-43D8-B13B-61EC72C2D1A5}.Debug|Any CPU.Build.0 = Debug|Any CPU
		{EFC501AD-9C6E-43D8-B13B-61EC72C2D1A5}.Release|Any CPU.ActiveCfg = Release|Any CPU
		{EFC501AD-9C6E-43D8-B13B-61EC72C2D1A5}.Release|Any CPU.Build.0 = Release|Any CPU
		{15326DCA-AE94-4E6E-A0C8-7FB33D6E0646}.Debug|Any CPU.ActiveCfg = Debug|Any CPU
		{15326DCA-AE94-4E6E-A0C8-7FB33D6E0646}.Debug|Any CPU.Build.0 = Debug|Any CPU
		{15326DCA-AE94-4E6E-A0C8-7FB33D6E0646}.Release|Any CPU.ActiveCfg = Release|Any CPU
		{15326DCA-AE94-4E6E-A0C8-7FB33D6E0646}.Release|Any CPU.Build.0 = Release|Any CPU
		{C5842368-9922-4136-9835-65F0A1E5C6E5}.Debug|Any CPU.ActiveCfg = Debug|Any CPU
		{C5842368-9922-4136-9835-65F0A1E5C6E5}.Debug|Any CPU.Build.0 = Debug|Any CPU
		{C5842368-9922-4136-9835-65F0A1E5C6E5}.Release|Any CPU.ActiveCfg = Release|Any CPU
		{C5842368-9922-4136-9835-65F0A1E5C6E5}.Release|Any CPU.Build.0 = Release|Any CPU
	EndGlobalSection
	GlobalSection(NestedProjects) = preSolution
	EndGlobalSection
EndGlobal
