
Microsoft Visual Studio Solution File, Format Version 12.00
Project("{FAE04EC0-301F-11D3-BF4B-00C04F79EFBC}") = "BT2_A", "BT2_A\BT2_A.csproj", "{EFC501AD-9C6E-43D8-B13B-61EC72C2D1A5}"
EndProject
Project("{FAE04EC0-301F-11D3-BF4B-00C04F79EFBC}") = "BT2_B", "BT2_B\BT2_B.csproj", "{15326DCA-AE94-4E6E-A0C8-7FB33D6E0646}"
EndProject
Project("{FAE04EC0-301F-11D3-BF4B-00C04F79EFBC}") = "BT2_C", "BT2_C\BT2_C.csproj", "{C5842368-9922-4136-9835-65F0A1E5C6E5}"
EndProject
Project("{2150E333-8FDC-42A3-9474-1A3956D46DE8}") = "CAUA", "CAUA", "{26EDF30E-836A-44FB-9B86-57B5D5931EC5}"
EndProject
Project("{2150E333-8FDC-42A3-9474-1A3956D46DE8}") = "CAUB", "CAUB", "{86378439-F7F3-40E7-88FB-659EF1DF587D}"
EndProject
Project("{2150E333-8FDC-42A3-9474-1A3956D46DE8}") = "CAUC", "CAUC", "{01F9A071-101B-4668-9F7E-5EAA5F199173}"
EndProject
Project("{FAE04EC0-301F-11D3-BF4B-00C04F79EFBC}") = "BT2", "BT2\BT2.csproj", "{B067469F-1948-45C3-9A42-DC296F8F6A44}"
EndProject
Global
	GlobalSection(SolutionConfigurationPlatforms) = preSolution
		Debug|Any CPU = Debug|Any CPU
		Release|Any CPU = Release|Any CPU
	EndGlobalSection
	GlobalSection(ProjectConfigurationPlatforms) = postSolution
		{EFC501AD-9C6E-43D8-B13B-61EC72C2D1A5}.Debug|Any CPU.ActiveCfg = Debug|Any CPU
		{EFC501AD-9C6E-43D8-B13B-61EC72C2D1A5}.Debug|Any CPU.Build.0 = Debug|Any CPU
		{EFC501AD-9C6E-43D8-B13B-61EC72C2D1A5}.Release|Any CPU.ActiveCfg = Release|Any CPU
		{EFC501AD-9C6E-43D8-B13B-61EC72C2D1A5}.Release|Any CPU.Build.0 = Release|Any CPU
		{15326DCA-AE94-4E6E-A0C8-7FB33D6E0646}.Debug|Any CPU.ActiveCfg = Debug|Any CPU
		{15326DCA-AE94-4E6E-A0C8-7FB33D6E0646}.Debug|Any CPU.Build.0 = Debug|Any CPU
		{15326DCA-AE94-4E6E-A0C8-7FB33D6E0646}.Release|Any CPU.ActiveCfg = Release|Any CPU
		{15326DCA-AE94-4E6E-A0C8-7FB33D6E0646}.Release|Any CPU.Build.0 = Release|Any CPU
		{C5842368-9922-4136-9835-65F0A1E5C6E5}.Debug|Any CPU.ActiveCfg = Debug|Any CPU
		{C5842368-9922-4136-9835-65F0A1E5C6E5}.Debug|Any CPU.Build.0 = Debug|Any CPU
		{C5842368-9922-4136-9835-65F0A1E5C6E5}.Release|Any CPU.ActiveCfg = Release|Any CPU
		{C5842368-9922-4136-9835-65F0A1E5C6E5}.Release|Any CPU.Build.0 = Release|Any CPU
		{B067469F-1948-45C3-9A42-DC296F8F6A44}.Debug|Any CPU.ActiveCfg = Debug|Any CPU
		{B067469F-1948-45C3-9A42-DC296F8F6A44}.Debug|Any CPU.Build.0 = Debug|Any CPU
		{B067469F-1948-45C3-9A42-DC296F8F6A44}.Release|Any CPU.ActiveCfg = Release|Any CPU
		{B067469F-1948-45C3-9A42-DC296F8F6A44}.Release|Any CPU.Build.0 = Release|Any CPU
	EndGlobalSection
	GlobalSection(NestedProjects) = preSolution
		{EFC501AD-9C6E-43D8-B13B-61EC72C2D1A5} = {26EDF30E-836A-44FB-9B86-57B5D5931EC5}
		{15326DCA-AE94-4E6E-A0C8-7FB33D6E0646} = {86378439-F7F3-40E7-88FB-659EF1DF587D}
		{C5842368-9922-4136-9835-65F0A1E5C6E5} = {01F9A071-101B-4668-9F7E-5EAA5F199173}
	EndGlobalSection
EndGlobal
